
Microsoft Visual Studio Solution File, Format Version 12.00
# Visual Studio Version 16
VisualStudioVersion = 16.0.31702.278
MinimumVisualStudioVersion = 10.0.40219.1
Project("{8BC9CEB8-8B4A-11D0-8D11-00A0C91BC942}") = "Project1", "Project1\Project1.vcxproj", "{33916379-D593-4609-AF6D-03154B6BA152}"
EndProject
Global
	GlobalSection(SolutionConfigurationPlatforms) = preSolution
		Debug|x64 = Debug|x64
		Debug|x86 = Debug|x86
		Release|x64 = Release|x64
		Release|x86 = Release|x86
	EndGlobalSection
	GlobalSection(ProjectConfigurationPlatforms) = postSolution
		{33916379-D593-4609-AF6D-03154B6BA152}.Debug|x64.ActiveCfg = Debug|x64
		{33916379-D593-4609-AF6D-03154B6BA152}.Debug|x64.Build.0 = Debug|x64
		{33916379-D593-4609-AF6D-03154B6BA152}.Debug|x86.ActiveCfg = Debug|Win32
		{33916379-D593-4609-AF6D-03154B6BA152}.Debug|x86.Build.0 = Debug|Win32
		{33916379-D593-4609-AF6D-03154B6BA152}.Release|x64.ActiveCfg = Release|x64
		{33916379-D593-4609-AF6D-03154B6BA152}.Release|x64.Build.0 = Release|x64
		{33916379-D593-4609-AF6D-03154B6BA152}.Release|x86.ActiveCfg = Release|Win32
		{33916379-D593-4609-AF6D-03154B6BA152}.Release|x86.Build.0 = Release|Win32
	EndGlobalSection
	GlobalSection(SolutionProperties) = preSolution
		HideSolutionNode = FALSE
	EndGlobalSection
	GlobalSection(ExtensibilityGlobals) = postSolution
		SolutionGuid = {BBF7AB8D-F07D-48D3-A6AE-27E8790122EC}
	EndGlobalSection
EndGlobal
